
Microsoft Visual Studio Solution File, Format Version 12.00
# Visual Studio Version 17
VisualStudioVersion = 17.14.36623.8 d17.14
MinimumVisualStudioVersion = 10.0.40219.1
Project("{FAE04EC0-301F-11D3-BF4B-00C04F79EFBC}") = "remoteRun", "remoteRun.csproj", "{16AAF3EF-8A59-4B4D-E1C8-30211CC51CA2}"
EndProject
Global
	GlobalSection(SolutionConfigurationPlatforms) = preSolution
		Debug|Any CPU = Debug|Any CPU
		Release|Any CPU = Release|Any CPU
	EndGlobalSection
	GlobalSection(ProjectConfigurationPlatforms) = postSolution
		{16AAF3EF-8A59-4B4D-E1C8-30211CC51CA2}.Debug|Any CPU.ActiveCfg = Debug|Any CPU
		{16AAF3EF-8A59-4B4D-E1C8-30211CC51CA2}.Debug|Any CPU.Build.0 = Debug|Any CPU
		{16AAF3EF-8A59-4B4D-E1C8-30211CC51CA2}.Release|Any CPU.ActiveCfg = Release|Any CPU
		{16AAF3EF-8A59-4B4D-E1C8-30211CC51CA2}.Release|Any CPU.Build.0 = Release|Any CPU
	EndGlobalSection
	GlobalSection(SolutionProperties) = preSolution
		HideSolutionNode = FALSE
	EndGlobalSection
	GlobalSection(ExtensibilityGlobals) = postSolution
		SolutionGuid = {94864988-EBA6-4B2E-8D24-4326FA6D797A}
	EndGlobalSection
EndGlobal
